
Microsoft Visual Studio Solution File, Format Version 12.00
# Visual Studio Version 17
VisualStudioVersion = 17.3.32922.545
MinimumVisualStudioVersion = 10.0.40219.1
Project("{FAE04EC0-301F-11D3-BF4B-00C04F79EFBC}") = "Desktop_Auth", "Desktop_Auth.csproj", "{1C71C8CC-7C76-4876-9CE6-8CCF690A2801}"
EndProject
Global
	GlobalSection(SolutionConfigurationPlatforms) = preSolution
		Debug|Any CPU = Debug|Any CPU
		Release|Any CPU = Release|Any CPU
	EndGlobalSection
	GlobalSection(ProjectConfigurationPlatforms) = postSolution
		{1C71C8CC-7C76-4876-9CE6-8CCF690A2801}.Debug|Any CPU.ActiveCfg = Debug|Any CPU
		{1C71C8CC-7C76-4876-9CE6-8CCF690A2801}.Debug|Any CPU.Build.0 = Debug|Any CPU
		{1C71C8CC-7C76-4876-9CE6-8CCF690A2801}.Release|Any CPU.ActiveCfg = Release|Any CPU
		{1C71C8CC-7C76-4876-9CE6-8CCF690A2801}.Release|Any CPU.Build.0 = Release|Any CPU
	EndGlobalSection
	GlobalSection(SolutionProperties) = preSolution
		HideSolutionNode = FALSE
	EndGlobalSection
	GlobalSection(ExtensibilityGlobals) = postSolution
		SolutionGuid = {1D45E307-4CD4-4108-8D38-8C1F401F55B1}
	EndGlobalSection
EndGlobal
